
Microsoft Visual Studio Solution File, Format Version 12.00
# Visual Studio Version 16
VisualStudioVersion = 16.0.31702.278
MinimumVisualStudioVersion = 10.0.40219.1
Project("{FAE04EC0-301F-11D3-BF4B-00C04F79EFBC}") = "GroupProjCS3560num2", "GroupProjCS3560num2.csproj", "{943352EA-B952-4BE4-B27F-343E32C942A5}"
EndProject
Global
	GlobalSection(SolutionConfigurationPlatforms) = preSolution
		Debug|Any CPU = Debug|Any CPU
		Release|Any CPU = Release|Any CPU
	EndGlobalSection
	GlobalSection(ProjectConfigurationPlatforms) = postSolution
		{943352EA-B952-4BE4-B27F-343E32C942A5}.Debug|Any CPU.ActiveCfg = Debug|Any CPU
		{943352EA-B952-4BE4-B27F-343E32C942A5}.Debug|Any CPU.Build.0 = Debug|Any CPU
		{943352EA-B952-4BE4-B27F-343E32C942A5}.Release|Any CPU.ActiveCfg = Release|Any CPU
		{943352EA-B952-4BE4-B27F-343E32C942A5}.Release|Any CPU.Build.0 = Release|Any CPU
	EndGlobalSection
	GlobalSection(SolutionProperties) = preSolution
		HideSolutionNode = FALSE
	EndGlobalSection
	GlobalSection(ExtensibilityGlobals) = postSolution
		SolutionGuid = {FE824F0B-DC86-4909-BD6A-7A65F290EF31}
	EndGlobalSection
EndGlobal
